
Microsoft Visual Studio Solution File, Format Version 12.00
# Visual Studio 2012
Project("{FAE04EC0-301F-11D3-BF4B-00C04F79EFBC}") = "Fire", "..\Expansions\Fire\Fire.csproj", "{E1D27FB1-40B8-4768-A045-DD9772564DDD}"
EndProject
Project("{2150E333-8FDC-42A3-9474-1A3956D46DE8}") = "Expansions", "Expansions", "{06A6C3D0-33B4-491B-BFBF-900643176EB0}"
EndProject
Project("{FAE04EC0-301F-11D3-BF4B-00C04F79EFBC}") = "Core", "..\Core\Core.csproj", "{31B92003-B490-4EAF-8F8E-F9B020F9B03B}"
EndProject
Project("{FAE04EC0-301F-11D3-BF4B-00C04F79EFBC}") = "Basic", "..\Expansions\Basic\Basic.csproj", "{5E948FAB-938B-4E4C-BDA1-1740339273EA}"
EndProject
Project("{FAE04EC0-301F-11D3-BF4B-00C04F79EFBC}") = "Battle", "..\Expansions\Battle\Battle.csproj", "{850AB9CB-90A0-4625-87FA-1F7CE04A5404}"
EndProject
Project("{FAE04EC0-301F-11D3-BF4B-00C04F79EFBC}") = "Controls", "..\UI\Controls\Controls.csproj", "{87F9F9C1-37B0-4725-8EB7-4A07560F7AD6}"
EndProject
Project("{2150E333-8FDC-42A3-9474-1A3956D46DE8}") = "UI", "UI", "{B167E0B3-7CBF-487A-941F-CDCD5D6AABDC}"
EndProject
Project("{FAE04EC0-301F-11D3-BF4B-00C04F79EFBC}") = "Resources", "..\UI\Resources\Resources.csproj", "{EB489F73-A03C-43DA-87C0-D2CCA65CDD5C}"
EndProject
Project("{FAE04EC0-301F-11D3-BF4B-00C04F79EFBC}") = "Animations", "..\UI\Animations\Animations.csproj", "{7D1B2955-5722-437A-B054-68FBD5F52422}"
EndProject
Project("{2150E333-8FDC-42A3-9474-1A3956D46DE8}") = "Libraries", "Libraries", "{9D47719E-093B-4476-9D1A-FF0E93557DE9}"
EndProject
Project("{FAE04EC0-301F-11D3-BF4B-00C04F79EFBC}") = "Sanguosha", "..\UI\Sanguosha\Sanguosha.csproj", "{3E20314A-1CF8-4EC2-8C67-A4C5F40459C4}"
EndProject
Project("{FAE04EC0-301F-11D3-BF4B-00C04F79EFBC}") = "SP", "..\Expansions\SP\SP.csproj", "{C207EC66-730A-4FEC-B83D-E8F40B7CC620}"
EndProject
Project("{FAE04EC0-301F-11D3-BF4B-00C04F79EFBC}") = "Wind", "..\Expansions\Wind\Wind.csproj", "{7EF64814-44F4-40EA-91C4-FEB67F279F3F}"
EndProject
Project("{FAE04EC0-301F-11D3-BF4B-00C04F79EFBC}") = "Woods", "..\Expansions\Woods\Woods.csproj", "{6EB21E93-773A-4894-AA51-3128CCF649B7}"
EndProject
Project("{FAE04EC0-301F-11D3-BF4B-00C04F79EFBC}") = "Hills", "..\Expansions\Hills\Hills.csproj", "{893E3214-C48D-493C-B09D-7A31756B72B9}"
EndProject
Project("{FAE04EC0-301F-11D3-BF4B-00C04F79EFBC}") = "OverKnightFame11", "..\Expansions\OverKnightFame11\OverKnightFame11.csproj", "{E2597958-3624-4481-A64F-D97F78144BB4}"
EndProject
Project("{FAE04EC0-301F-11D3-BF4B-00C04F79EFBC}") = "OverKnightFame12", "..\Expansions\OverKnightFame12\OverKnightFame12.csproj", "{649C840F-165F-4FAD-A69F-531A2956AC79}"
EndProject
Project("{FAE04EC0-301F-11D3-BF4B-00C04F79EFBC}") = "Effects", "..\UI\Effects\Effects.csproj", "{2CFB7F48-6D2E-4F60-9B9C-6C41F9518817}"
EndProject
Project("{FAE04EC0-301F-11D3-BF4B-00C04F79EFBC}") = "StarSP", "..\Expansions\StarSP\StarSP.csproj", "{919FE320-55C2-40BA-9E36-EC44059D7645}"
EndProject
Project("{2150E333-8FDC-42A3-9474-1A3956D46DE8}") = "Lobby", "Lobby", "{E3851951-07A2-4757-9DD0-5645CE5E97D5}"
EndProject
Project("{FAE04EC0-301F-11D3-BF4B-00C04F79EFBC}") = "Server", "..\Lobby\Server\Server.csproj", "{E1C2FDD7-66F5-4F69-8270-36D0726390FB}"
EndProject
Project("{FAE04EC0-301F-11D3-BF4B-00C04F79EFBC}") = "Core", "..\Lobby\Service\Core.csproj", "{7DE81BE7-26D1-4954-9037-B7184C1DF9BD}"
EndProject
Project("{FAE04EC0-301F-11D3-BF4B-00C04F79EFBC}") = "Assassin", "..\Expansions\Assassin\Assassin.csproj", "{FBE66AFE-CA51-45FF-9546-E16C17527BAA}"
EndProject
Global
	GlobalSection(SolutionConfigurationPlatforms) = preSolution
		Debug|Any CPU = Debug|Any CPU
		Debug|Mixed Platforms = Debug|Mixed Platforms
		Debug|x86 = Debug|x86
		Release|Any CPU = Release|Any CPU
		Release|Mixed Platforms = Release|Mixed Platforms
		Release|x86 = Release|x86
	EndGlobalSection
	GlobalSection(ProjectConfigurationPlatforms) = postSolution
		{E1D27FB1-40B8-4768-A045-DD9772564DDD}.Debug|Any CPU.ActiveCfg = Debug|Any CPU
		{E1D27FB1-40B8-4768-A045-DD9772564DDD}.Debug|Any CPU.Build.0 = Debug|Any CPU
		{E1D27FB1-40B8-4768-A045-DD9772564DDD}.Debug|Mixed Platforms.ActiveCfg = Debug|Any CPU
		{E1D27FB1-40B8-4768-A045-DD9772564DDD}.Debug|Mixed Platforms.Build.0 = Debug|Any CPU
		{E1D27FB1-40B8-4768-A045-DD9772564DDD}.Debug|x86.ActiveCfg = Debug|Any CPU
		{E1D27FB1-40B8-4768-A045-DD9772564DDD}.Release|Any CPU.ActiveCfg = Release|Any CPU
		{E1D27FB1-40B8-4768-A045-DD9772564DDD}.Release|Any CPU.Build.0 = Release|Any CPU
		{E1D27FB1-40B8-4768-A045-DD9772564DDD}.Release|Mixed Platforms.ActiveCfg = Release|Any CPU
		{E1D27FB1-40B8-4768-A045-DD9772564DDD}.Release|Mixed Platforms.Build.0 = Release|Any CPU
		{E1D27FB1-40B8-4768-A045-DD9772564DDD}.Release|x86.ActiveCfg = Release|Any CPU
		{31B92003-B490-4EAF-8F8E-F9B020F9B03B}.Debug|Any CPU.ActiveCfg = Debug|Any CPU
		{31B92003-B490-4EAF-8F8E-F9B020F9B03B}.Debug|Any CPU.Build.0 = Debug|Any CPU
		{31B92003-B490-4EAF-8F8E-F9B020F9B03B}.Debug|Mixed Platforms.ActiveCfg = Debug|Any CPU
		{31B92003-B490-4EAF-8F8E-F9B020F9B03B}.Debug|Mixed Platforms.Build.0 = Debug|Any CPU
		{31B92003-B490-4EAF-8F8E-F9B020F9B03B}.Debug|x86.ActiveCfg = Debug|Any CPU
		{31B92003-B490-4EAF-8F8E-F9B020F9B03B}.Release|Any CPU.ActiveCfg = Release|Any CPU
		{31B92003-B490-4EAF-8F8E-F9B020F9B03B}.Release|Any CPU.Build.0 = Release|Any CPU
		{31B92003-B490-4EAF-8F8E-F9B020F9B03B}.Release|Mixed Platforms.ActiveCfg = Release|Any CPU
		{31B92003-B490-4EAF-8F8E-F9B020F9B03B}.Release|Mixed Platforms.Build.0 = Release|Any CPU
		{31B92003-B490-4EAF-8F8E-F9B020F9B03B}.Release|x86.ActiveCfg = Release|Any CPU
		{5E948FAB-938B-4E4C-BDA1-1740339273EA}.Debug|Any CPU.ActiveCfg = Debug|Any CPU
		{5E948FAB-938B-4E4C-BDA1-1740339273EA}.Debug|Any CPU.Build.0 = Debug|Any CPU
		{5E948FAB-938B-4E4C-BDA1-1740339273EA}.Debug|Mixed Platforms.ActiveCfg = Debug|Any CPU
		{5E948FAB-938B-4E4C-BDA1-1740339273EA}.Debug|Mixed Platforms.Build.0 = Debug|Any CPU
		{5E948FAB-938B-4E4C-BDA1-1740339273EA}.Debug|x86.ActiveCfg = Debug|Any CPU
		{5E948FAB-938B-4E4C-BDA1-1740339273EA}.Release|Any CPU.ActiveCfg = Release|Any CPU
		{5E948FAB-938B-4E4C-BDA1-1740339273EA}.Release|Any CPU.Build.0 = Release|Any CPU
		{5E948FAB-938B-4E4C-BDA1-1740339273EA}.Release|Mixed Platforms.ActiveCfg = Release|Any CPU
		{5E948FAB-938B-4E4C-BDA1-1740339273EA}.Release|Mixed Platforms.Build.0 = Release|Any CPU
		{5E948FAB-938B-4E4C-BDA1-1740339273EA}.Release|x86.ActiveCfg = Release|Any CPU
		{850AB9CB-90A0-4625-87FA-1F7CE04A5404}.Debug|Any CPU.ActiveCfg = Debug|Any CPU
		{850AB9CB-90A0-4625-87FA-1F7CE04A5404}.Debug|Any CPU.Build.0 = Debug|Any CPU
		{850AB9CB-90A0-4625-87FA-1F7CE04A5404}.Debug|Mixed Platforms.ActiveCfg = Debug|Any CPU
		{850AB9CB-90A0-4625-87FA-1F7CE04A5404}.Debug|Mixed Platforms.Build.0 = Debug|Any CPU
		{850AB9CB-90A0-4625-87FA-1F7CE04A5404}.Debug|x86.ActiveCfg = Debug|Any CPU
		{850AB9CB-90A0-4625-87FA-1F7CE04A5404}.Release|Any CPU.ActiveCfg = Release|Any CPU
		{850AB9CB-90A0-4625-87FA-1F7CE04A5404}.Release|Any CPU.Build.0 = Release|Any CPU
		{850AB9CB-90A0-4625-87FA-1F7CE04A5404}.Release|Mixed Platforms.ActiveCfg = Release|Any CPU
		{850AB9CB-90A0-4625-87FA-1F7CE04A5404}.Release|Mixed Platforms.Build.0 = Release|Any CPU
		{850AB9CB-90A0-4625-87FA-1F7CE04A5404}.Release|x86.ActiveCfg = Release|Any CPU
		{87F9F9C1-37B0-4725-8EB7-4A07560F7AD6}.Debug|Any CPU.ActiveCfg = Debug|Any CPU
		{87F9F9C1-37B0-4725-8EB7-4A07560F7AD6}.Debug|Any CPU.Build.0 = Debug|Any CPU
		{87F9F9C1-37B0-4725-8EB7-4A07560F7AD6}.Debug|Mixed Platforms.ActiveCfg = Debug|Any CPU
		{87F9F9C1-37B0-4725-8EB7-4A07560F7AD6}.Debug|Mixed Platforms.Build.0 = Debug|Any CPU
		{87F9F9C1-37B0-4725-8EB7-4A07560F7AD6}.Debug|x86.ActiveCfg = Debug|Any CPU
		{87F9F9C1-37B0-4725-8EB7-4A07560F7AD6}.Release|Any CPU.ActiveCfg = Release|Any CPU
		{87F9F9C1-37B0-4725-8EB7-4A07560F7AD6}.Release|Any CPU.Build.0 = Release|Any CPU
		{87F9F9C1-37B0-4725-8EB7-4A07560F7AD6}.Release|Mixed Platforms.ActiveCfg = Release|Any CPU
		{87F9F9C1-37B0-4725-8EB7-4A07560F7AD6}.Release|Mixed Platforms.Build.0 = Release|Any CPU
		{87F9F9C1-37B0-4725-8EB7-4A07560F7AD6}.Release|x86.ActiveCfg = Release|Any CPU
		{EB489F73-A03C-43DA-87C0-D2CCA65CDD5C}.Debug|Any CPU.ActiveCfg = Debug|Any CPU
		{EB489F73-A03C-43DA-87C0-D2CCA65CDD5C}.Debug|Any CPU.Build.0 = Debug|Any CPU
		{EB489F73-A03C-43DA-87C0-D2CCA65CDD5C}.Debug|Mixed Platforms.ActiveCfg = Debug|Any CPU
		{EB489F73-A03C-43DA-87C0-D2CCA65CDD5C}.Debug|Mixed Platforms.Build.0 = Debug|Any CPU
		{EB489F73-A03C-43DA-87C0-D2CCA65CDD5C}.Debug|x86.ActiveCfg = Debug|Any CPU
		{EB489F73-A03C-43DA-87C0-D2CCA65CDD5C}.Release|Any CPU.ActiveCfg = Release|Any CPU
		{EB489F73-A03C-43DA-87C0-D2CCA65CDD5C}.Release|Any CPU.Build.0 = Release|Any CPU
		{EB489F73-A03C-43DA-87C0-D2CCA65CDD5C}.Release|Mixed Platforms.ActiveCfg = Release|Any CPU
		{EB489F73-A03C-43DA-87C0-D2CCA65CDD5C}.Release|Mixed Platforms.Build.0 = Release|Any CPU
		{EB489F73-A03C-43DA-87C0-D2CCA65CDD5C}.Release|x86.ActiveCfg = Release|Any CPU
		{7D1B2955-5722-437A-B054-68FBD5F52422}.Debug|Any CPU.ActiveCfg = Debug|Any CPU
		{7D1B2955-5722-437A-B054-68FBD5F52422}.Debug|Any CPU.Build.0 = Debug|Any CPU
		{7D1B2955-5722-437A-B054-68FBD5F52422}.Debug|Mixed Platforms.ActiveCfg = Debug|Any CPU
		{7D1B2955-5722-437A-B054-68FBD5F52422}.Debug|Mixed Platforms.Build.0 = Debug|Any CPU
		{7D1B2955-5722-437A-B054-68FBD5F52422}.Debug|x86.ActiveCfg = Debug|Any CPU
		{7D1B2955-5722-437A-B054-68FBD5F52422}.Release|Any CPU.ActiveCfg = Release|Any CPU
		{7D1B2955-5722-437A-B054-68FBD5F52422}.Release|Any CPU.Build.0 = Release|Any CPU
		{7D1B2955-5722-437A-B054-68FBD5F52422}.Release|Mixed Platforms.ActiveCfg = Release|Any CPU
		{7D1B2955-5722-437A-B054-68FBD5F52422}.Release|Mixed Platforms.Build.0 = Release|Any CPU
		{7D1B2955-5722-437A-B054-68FBD5F52422}.Release|x86.ActiveCfg = Release|Any CPU
		{3E20314A-1CF8-4EC2-8C67-A4C5F40459C4}.Debug|Any CPU.ActiveCfg = Debug|x86
		{3E20314A-1CF8-4EC2-8C67-A4C5F40459C4}.Debug|Mixed Platforms.ActiveCfg = Debug|x86
		{3E20314A-1CF8-4EC2-8C67-A4C5F40459C4}.Debug|Mixed Platforms.Build.0 = Debug|x86
		{3E20314A-1CF8-4EC2-8C67-A4C5F40459C4}.Debug|x86.ActiveCfg = Debug|x86
		{3E20314A-1CF8-4EC2-8C67-A4C5F40459C4}.Debug|x86.Build.0 = Debug|x86
		{3E20314A-1CF8-4EC2-8C67-A4C5F40459C4}.Release|Any CPU.ActiveCfg = Release|x86
		{3E20314A-1CF8-4EC2-8C67-A4C5F40459C4}.Release|Mixed Platforms.ActiveCfg = Release|x86
		{3E20314A-1CF8-4EC2-8C67-A4C5F40459C4}.Release|Mixed Platforms.Build.0 = Release|x86
		{3E20314A-1CF8-4EC2-8C67-A4C5F40459C4}.Release|x86.ActiveCfg = Release|x86
		{3E20314A-1CF8-4EC2-8C67-A4C5F40459C4}.Release|x86.Build.0 = Release|x86
		{C207EC66-730A-4FEC-B83D-E8F40B7CC620}.Debug|Any CPU.ActiveCfg = Debug|Any CPU
		{C207EC66-730A-4FEC-B83D-E8F40B7CC620}.Debug|Any CPU.Build.0 = Debug|Any CPU
		{C207EC66-730A-4FEC-B83D-E8F40B7CC620}.Debug|Mixed Platforms.ActiveCfg = Debug|Any CPU
		{C207EC66-730A-4FEC-B83D-E8F40B7CC620}.Debug|Mixed Platforms.Build.0 = Debug|Any CPU
		{C207EC66-730A-4FEC-B83D-E8F40B7CC620}.Debug|x86.ActiveCfg = Debug|Any CPU
		{C207EC66-730A-4FEC-B83D-E8F40B7CC620}.Release|Any CPU.ActiveCfg = Release|Any CPU
		{C207EC66-730A-4FEC-B83D-E8F40B7CC620}.Release|Any CPU.Build.0 = Release|Any CPU
		{C207EC66-730A-4FEC-B83D-E8F40B7CC620}.Release|Mixed Platforms.ActiveCfg = Release|Any CPU
		{C207EC66-730A-4FEC-B83D-E8F40B7CC620}.Release|Mixed Platforms.Build.0 = Release|Any CPU
		{C207EC66-730A-4FEC-B83D-E8F40B7CC620}.Release|x86.ActiveCfg = Release|Any CPU
		{7EF64814-44F4-40EA-91C4-FEB67F279F3F}.Debug|Any CPU.ActiveCfg = Debug|Any CPU
		{7EF64814-44F4-40EA-91C4-FEB67F279F3F}.Debug|Any CPU.Build.0 = Debug|Any CPU
		{7EF64814-44F4-40EA-91C4-FEB67F279F3F}.Debug|Mixed Platforms.ActiveCfg = Debug|Any CPU
		{7EF64814-44F4-40EA-91C4-FEB67F279F3F}.Debug|Mixed Platforms.Build.0 = Debug|Any CPU
		{7EF64814-44F4-40EA-91C4-FEB67F279F3F}.Debug|x86.ActiveCfg = Debug|Any CPU
		{7EF64814-44F4-40EA-91C4-FEB67F279F3F}.Release|Any CPU.ActiveCfg = Release|Any CPU
		{7EF64814-44F4-40EA-91C4-FEB67F279F3F}.Release|Any CPU.Build.0 = Release|Any CPU
		{7EF64814-44F4-40EA-91C4-FEB67F279F3F}.Release|Mixed Platforms.ActiveCfg = Release|Any CPU
		{7EF64814-44F4-40EA-91C4-FEB67F279F3F}.Release|Mixed Platforms.Build.0 = Release|Any CPU
		{7EF64814-44F4-40EA-91C4-FEB67F279F3F}.Release|x86.ActiveCfg = Release|Any CPU
		{6EB21E93-773A-4894-AA51-3128CCF649B7}.Debug|Any CPU.ActiveCfg = Debug|Any CPU
		{6EB21E93-773A-4894-AA51-3128CCF649B7}.Debug|Any CPU.Build.0 = Debug|Any CPU
		{6EB21E93-773A-4894-AA51-3128CCF649B7}.Debug|Mixed Platforms.ActiveCfg = Debug|Any CPU
		{6EB21E93-773A-4894-AA51-3128CCF649B7}.Debug|Mixed Platforms.Build.0 = Debug|Any CPU
		{6EB21E93-773A-4894-AA51-3128CCF649B7}.Debug|x86.ActiveCfg = Debug|Any CPU
		{6EB21E93-773A-4894-AA51-3128CCF649B7}.Release|Any CPU.ActiveCfg = Release|Any CPU
		{6EB21E93-773A-4894-AA51-3128CCF649B7}.Release|Any CPU.Build.0 = Release|Any CPU
		{6EB21E93-773A-4894-AA51-3128CCF649B7}.Release|Mixed Platforms.ActiveCfg = Release|Any CPU
		{6EB21E93-773A-4894-AA51-3128CCF649B7}.Release|Mixed Platforms.Build.0 = Release|Any CPU
		{6EB21E93-773A-4894-AA51-3128CCF649B7}.Release|x86.ActiveCfg = Release|Any CPU
		{893E3214-C48D-493C-B09D-7A31756B72B9}.Debug|Any CPU.ActiveCfg = Debug|Any CPU
		{893E3214-C48D-493C-B09D-7A31756B72B9}.Debug|Any CPU.Build.0 = Debug|Any CPU
		{893E3214-C48D-493C-B09D-7A31756B72B9}.Debug|Mixed Platforms.ActiveCfg = Debug|Any CPU
		{893E3214-C48D-493C-B09D-7A31756B72B9}.Debug|Mixed Platforms.Build.0 = Debug|Any CPU
		{893E3214-C48D-493C-B09D-7A31756B72B9}.Debug|x86.ActiveCfg = Debug|Any CPU
		{893E3214-C48D-493C-B09D-7A31756B72B9}.Release|Any CPU.ActiveCfg = Release|Any CPU
		{893E3214-C48D-493C-B09D-7A31756B72B9}.Release|Any CPU.Build.0 = Release|Any CPU
		{893E3214-C48D-493C-B09D-7A31756B72B9}.Release|Mixed Platforms.ActiveCfg = Release|Any CPU
		{893E3214-C48D-493C-B09D-7A31756B72B9}.Release|Mixed Platforms.Build.0 = Release|Any CPU
		{893E3214-C48D-493C-B09D-7A31756B72B9}.Release|x86.ActiveCfg = Release|Any CPU
		{E2597958-3624-4481-A64F-D97F78144BB4}.Debug|Any CPU.ActiveCfg = Debug|Any CPU
		{E2597958-3624-4481-A64F-D97F78144BB4}.Debug|Any CPU.Build.0 = Debug|Any CPU
		{E2597958-3624-4481-A64F-D97F78144BB4}.Debug|Mixed Platforms.ActiveCfg = Debug|Any CPU
		{E2597958-3624-4481-A64F-D97F78144BB4}.Debug|Mixed Platforms.Build.0 = Debug|Any CPU
		{E2597958-3624-4481-A64F-D97F78144BB4}.Debug|x86.ActiveCfg = Debug|Any CPU
		{E2597958-3624-4481-A64F-D97F78144BB4}.Release|Any CPU.ActiveCfg = Release|Any CPU
		{E2597958-3624-4481-A64F-D97F78144BB4}.Release|Any CPU.Build.0 = Release|Any CPU
		{E2597958-3624-4481-A64F-D97F78144BB4}.Release|Mixed Platforms.ActiveCfg = Release|Any CPU
		{E2597958-3624-4481-A64F-D97F78144BB4}.Release|Mixed Platforms.Build.0 = Release|Any CPU
		{E2597958-3624-4481-A64F-D97F78144BB4}.Release|x86.ActiveCfg = Release|Any CPU
		{649C840F-165F-4FAD-A69F-531A2956AC79}.Debug|Any CPU.ActiveCfg = Debug|Any CPU
		{649C840F-165F-4FAD-A69F-531A2956AC79}.Debug|Any CPU.Build.0 = Debug|Any CPU
		{649C840F-165F-4FAD-A69F-531A2956AC79}.Debug|Mixed Platforms.ActiveCfg = Debug|Any CPU
		{649C840F-165F-4FAD-A69F-531A2956AC79}.Debug|Mixed Platforms.Build.0 = Debug|Any CPU
		{649C840F-165F-4FAD-A69F-531A2956AC79}.Debug|x86.ActiveCfg = Debug|Any CPU
		{649C840F-165F-4FAD-A69F-531A2956AC79}.Release|Any CPU.ActiveCfg = Release|Any CPU
		{649C840F-165F-4FAD-A69F-531A2956AC79}.Release|Any CPU.Build.0 = Release|Any CPU
		{649C840F-165F-4FAD-A69F-531A2956AC79}.Release|Mixed Platforms.ActiveCfg = Release|Any CPU
		{649C840F-165F-4FAD-A69F-531A2956AC79}.Release|Mixed Platforms.Build.0 = Release|Any CPU
		{649C840F-165F-4FAD-A69F-531A2956AC79}.Release|x86.ActiveCfg = Release|Any CPU
		{2CFB7F48-6D2E-4F60-9B9C-6C41F9518817}.Debug|Any CPU.ActiveCfg = Debug|Any CPU
		{2CFB7F48-6D2E-4F60-9B9C-6C41F9518817}.Debug|Any CPU.Build.0 = Debug|Any CPU
		{2CFB7F48-6D2E-4F60-9B9C-6C41F9518817}.Debug|Mixed Platforms.ActiveCfg = Debug|Any CPU
		{2CFB7F48-6D2E-4F60-9B9C-6C41F9518817}.Debug|Mixed Platforms.Build.0 = Debug|Any CPU
		{2CFB7F48-6D2E-4F60-9B9C-6C41F9518817}.Debug|x86.ActiveCfg = Debug|Any CPU
		{2CFB7F48-6D2E-4F60-9B9C-6C41F9518817}.Release|Any CPU.ActiveCfg = Release|Any CPU
		{2CFB7F48-6D2E-4F60-9B9C-6C41F9518817}.Release|Any CPU.Build.0 = Release|Any CPU
		{2CFB7F48-6D2E-4F60-9B9C-6C41F9518817}.Release|Mixed Platforms.ActiveCfg = Release|Any CPU
		{2CFB7F48-6D2E-4F60-9B9C-6C41F9518817}.Release|Mixed Platforms.Build.0 = Release|Any CPU
		{2CFB7F48-6D2E-4F60-9B9C-6C41F9518817}.Release|x86.ActiveCfg = Release|Any CPU
		{919FE320-55C2-40BA-9E36-EC44059D7645}.Debug|Any CPU.ActiveCfg = Debug|Any CPU
		{919FE320-55C2-40BA-9E36-EC44059D7645}.Debug|Any CPU.Build.0 = Debug|Any CPU
		{919FE320-55C2-40BA-9E36-EC44059D7645}.Debug|Mixed Platforms.ActiveCfg = Debug|Any CPU
		{919FE320-55C2-40BA-9E36-EC44059D7645}.Debug|Mixed Platforms.Build.0 = Debug|Any CPU
		{919FE320-55C2-40BA-9E36-EC44059D7645}.Debug|x86.ActiveCfg = Debug|Any CPU
		{919FE320-55C2-40BA-9E36-EC44059D7645}.Release|Any CPU.ActiveCfg = Release|Any CPU
		{919FE320-55C2-40BA-9E36-EC44059D7645}.Release|Any CPU.Build.0 = Release|Any CPU
		{919FE320-55C2-40BA-9E36-EC44059D7645}.Release|Mixed Platforms.ActiveCfg = Release|Any CPU
		{919FE320-55C2-40BA-9E36-EC44059D7645}.Release|Mixed Platforms.Build.0 = Release|Any CPU
		{919FE320-55C2-40BA-9E36-EC44059D7645}.Release|x86.ActiveCfg = Release|Any CPU
		{E1C2FDD7-66F5-4F69-8270-36D0726390FB}.Debug|Any CPU.ActiveCfg = Debug|Any CPU
		{E1C2FDD7-66F5-4F69-8270-36D0726390FB}.Debug|Any CPU.Build.0 = Debug|Any CPU
		{E1C2FDD7-66F5-4F69-8270-36D0726390FB}.Debug|Mixed Platforms.ActiveCfg = Debug|Any CPU
		{E1C2FDD7-66F5-4F69-8270-36D0726390FB}.Debug|Mixed Platforms.Build.0 = Debug|Any CPU
		{E1C2FDD7-66F5-4F69-8270-36D0726390FB}.Debug|x86.ActiveCfg = Debug|Any CPU
		{E1C2FDD7-66F5-4F69-8270-36D0726390FB}.Release|Any CPU.ActiveCfg = Release|Any CPU
		{E1C2FDD7-66F5-4F69-8270-36D0726390FB}.Release|Any CPU.Build.0 = Release|Any CPU
		{E1C2FDD7-66F5-4F69-8270-36D0726390FB}.Release|Mixed Platforms.ActiveCfg = Release|Any CPU
		{E1C2FDD7-66F5-4F69-8270-36D0726390FB}.Release|Mixed Platforms.Build.0 = Release|Any CPU
		{E1C2FDD7-66F5-4F69-8270-36D0726390FB}.Release|x86.ActiveCfg = Release|Any CPU
		{7DE81BE7-26D1-4954-9037-B7184C1DF9BD}.Debug|Any CPU.ActiveCfg = Debug|Any CPU
		{7DE81BE7-26D1-4954-9037-B7184C1DF9BD}.Debug|Any CPU.Build.0 = Debug|Any CPU
		{7DE81BE7-26D1-4954-9037-B7184C1DF9BD}.Debug|Mixed Platforms.ActiveCfg = Debug|Any CPU
		{7DE81BE7-26D1-4954-9037-B7184C1DF9BD}.Debug|Mixed Platforms.Build.0 = Debug|Any CPU
		{7DE81BE7-26D1-4954-9037-B7184C1DF9BD}.Debug|x86.ActiveCfg = Debug|Any CPU
		{7DE81BE7-26D1-4954-9037-B7184C1DF9BD}.Release|Any CPU.ActiveCfg = Release|Any CPU
		{7DE81BE7-26D1-4954-9037-B7184C1DF9BD}.Release|Any CPU.Build.0 = Release|Any CPU
		{7DE81BE7-26D1-4954-9037-B7184C1DF9BD}.Release|Mixed Platforms.ActiveCfg = Release|Any CPU
		{7DE81BE7-26D1-4954-9037-B7184C1DF9BD}.Release|Mixed Platforms.Build.0 = Release|Any CPU
		{7DE81BE7-26D1-4954-9037-B7184C1DF9BD}.Release|x86.ActiveCfg = Release|Any CPU
		{FBE66AFE-CA51-45FF-9546-E16C17527BAA}.Debug|Any CPU.ActiveCfg = Debug|Any CPU
		{FBE66AFE-CA51-45FF-9546-E16C17527BAA}.Debug|Any CPU.Build.0 = Debug|Any CPU
		{FBE66AFE-CA51-45FF-9546-E16C17527BAA}.Debug|Mixed Platforms.ActiveCfg = Debug|Any CPU
		{FBE66AFE-CA51-45FF-9546-E16C17527BAA}.Debug|Mixed Platforms.Build.0 = Debug|Any CPU
		{FBE66AFE-CA51-45FF-9546-E16C17527BAA}.Debug|x86.ActiveCfg = Debug|Any CPU
		{FBE66AFE-CA51-45FF-9546-E16C17527BAA}.Release|Any CPU.ActiveCfg = Release|Any CPU
		{FBE66AFE-CA51-45FF-9546-E16C17527BAA}.Release|Any CPU.Build.0 = Release|Any CPU
		{FBE66AFE-CA51-45FF-9546-E16C17527BAA}.Release|Mixed Platforms.ActiveCfg = Release|Any CPU
		{FBE66AFE-CA51-45FF-9546-E16C17527BAA}.Release|Mixed Platforms.Build.0 = Release|Any CPU
		{FBE66AFE-CA51-45FF-9546-E16C17527BAA}.Release|x86.ActiveCfg = Release|Any CPU
	EndGlobalSection
	GlobalSection(SolutionProperties) = preSolution
		HideSolutionNode = FALSE
	EndGlobalSection
	GlobalSection(NestedProjects) = preSolution
		{E1D27FB1-40B8-4768-A045-DD9772564DDD} = {06A6C3D0-33B4-491B-BFBF-900643176EB0}
		{5E948FAB-938B-4E4C-BDA1-1740339273EA} = {06A6C3D0-33B4-491B-BFBF-900643176EB0}
		{850AB9CB-90A0-4625-87FA-1F7CE04A5404} = {06A6C3D0-33B4-491B-BFBF-900643176EB0}
		{C207EC66-730A-4FEC-B83D-E8F40B7CC620} = {06A6C3D0-33B4-491B-BFBF-900643176EB0}
		{7EF64814-44F4-40EA-91C4-FEB67F279F3F} = {06A6C3D0-33B4-491B-BFBF-900643176EB0}
		{6EB21E93-773A-4894-AA51-3128CCF649B7} = {06A6C3D0-33B4-491B-BFBF-900643176EB0}
		{893E3214-C48D-493C-B09D-7A31756B72B9} = {06A6C3D0-33B4-491B-BFBF-900643176EB0}
		{E2597958-3624-4481-A64F-D97F78144BB4} = {06A6C3D0-33B4-491B-BFBF-900643176EB0}
		{649C840F-165F-4FAD-A69F-531A2956AC79} = {06A6C3D0-33B4-491B-BFBF-900643176EB0}
		{919FE320-55C2-40BA-9E36-EC44059D7645} = {06A6C3D0-33B4-491B-BFBF-900643176EB0}
		{FBE66AFE-CA51-45FF-9546-E16C17527BAA} = {06A6C3D0-33B4-491B-BFBF-900643176EB0}
		{87F9F9C1-37B0-4725-8EB7-4A07560F7AD6} = {B167E0B3-7CBF-487A-941F-CDCD5D6AABDC}
		{EB489F73-A03C-43DA-87C0-D2CCA65CDD5C} = {B167E0B3-7CBF-487A-941F-CDCD5D6AABDC}
		{7D1B2955-5722-437A-B054-68FBD5F52422} = {B167E0B3-7CBF-487A-941F-CDCD5D6AABDC}
		{3E20314A-1CF8-4EC2-8C67-A4C5F40459C4} = {B167E0B3-7CBF-487A-941F-CDCD5D6AABDC}
		{2CFB7F48-6D2E-4F60-9B9C-6C41F9518817} = {B167E0B3-7CBF-487A-941F-CDCD5D6AABDC}
		{E1C2FDD7-66F5-4F69-8270-36D0726390FB} = {E3851951-07A2-4757-9DD0-5645CE5E97D5}
		{7DE81BE7-26D1-4954-9037-B7184C1DF9BD} = {E3851951-07A2-4757-9DD0-5645CE5E97D5}
	EndGlobalSection
EndGlobal
